<?xml version="1.0" encoding="utf-8"?>
<Project ToolsVersion="4.0" xmlns="http://schemas.microsoft.com/developer/msbuild/2003">
  <ItemGroup>
    <Filter Include="Source Files">
      <UniqueIdentifier>{4FC737F1-C7A5-4376-A066-2A32D752A2FF}</UniqueIdentifier>
      <Extensions>cpp;c;cc;cxx;def;odl;idl;hpj;bat;asm;asmx</Extensions>
    </Filter>
    <Filter Include="Header Files">
      <UniqueIdentifier>{93995380-89BD-4b04-88EB-625FBE52EBFB}</UniqueIdentifier>
      <Extensions>h;hpp;hxx;hm;inl;inc;xsd</Extensions>
    </Filter>
    <Filter Include="Resource Files">
      <UniqueIdentifier>{67DA6AB6-F800-4c08-8B7A-83BB121AAD01}</UniqueIdentifier>
      <Extensions>rc;ico;cur;bmp;dlg;rc2;rct;bin;rgs;gif;jpg;jpeg;jpe;resx;tiff;tif;png;wav;mfcribbon-ms</Extensions>
    </Filter>
    <Filter Include="Header Files\Particles">
      <UniqueIdentifier>{65fa70a8-7623-4ec3-8ff4-6abb8b0a1530}</UniqueIdentifier>
    </Filter>
    <Filter Include="Header Files\Forces">
      <UniqueIdentifier>{f491dfe3-e447-4c61-92a1-779a6c769db0}</UniqueIdentifier>
    </Filter>
    <Filter Include="Header Files\Contacts">
      <UniqueIdentifier>{9d84c6ec-ca76-481a-920e-7b41a79eb4fa}</UniqueIdentifier>
    </Filter>
    <Filter Include="Header Files\Systems">
      <UniqueIdentifier>{f5bb66a5-300f-40f1-b89f-ae8805831e86}</UniqueIdentifier>
    </Filter>
    <Filter Include="Header Files\Shape">
      <UniqueIdentifier>{db6691b4-a3f2-4cd5-9eeb-c3039a80c5fc}</UniqueIdentifier>
    </Filter>
    <Filter Include="Source Files\Forces">
      <UniqueIdentifier>{dc9f6cc5-674f-40b7-be40-f63237269499}</UniqueIdentifier>
    </Filter>
    <Filter Include="Source Files\Contacts">
      <UniqueIdentifier>{4448b660-abf7-45b6-b668-9024890602dc}</UniqueIdentifier>
    </Filter>
    <Filter Include="Source Files\Shape">
      <UniqueIdentifier>{acfd6cd7-411c-47b5-ba63-e7e8a8fcd8c0}</UniqueIdentifier>
    </Filter>
    <Filter Include="Source Files\Systems">
      <UniqueIdentifier>{66e6b0ca-2416-466c-83e6-e7bef283c24e}</UniqueIdentifier>
    </Filter>
    <Filter Include="Source Files\Particles">
      <UniqueIdentifier>{ea91cedb-3365-4de9-a17a-dca847818fcf}</UniqueIdentifier>
    </Filter>
    <Filter Include="Header Files\RigidBody">
      <UniqueIdentifier>{49e19efc-f38e-48bc-a6d0-975ae4d0c836}</UniqueIdentifier>
    </Filter>
    <Filter Include="Header Files\Collision">
      <UniqueIdentifier>{4b3e9584-c287-4c3a-95ff-1c2a546bac0c}</UniqueIdentifier>
    </Filter>
    <Filter Include="Source Files\Collision">
      <UniqueIdentifier>{e2dc52b9-9dca-48da-8e29-505f473c91fa}</UniqueIdentifier>
    </Filter>
  </ItemGroup>
  <ItemGroup>
    <ClCompile Include="main.cpp">
      <Filter>Source Files</Filter>
    </ClCompile>
    <ClCompile Include="Camera.cpp">
      <Filter>Source Files</Filter>
    </ClCompile>
    <ClCompile Include="Vector3.cpp">
      <Filter>Source Files</Filter>
    </ClCompile>
    <ClCompile Include="Color.cpp">
      <Filter>Source Files</Filter>
    </ClCompile>
    <ClCompile Include="AnchoredSpringGenerator.cpp">
      <Filter>Source Files\Forces</Filter>
    </ClCompile>
    <ClCompile Include="BlobGameSystem.cpp">
      <Filter>Source Files\Systems</Filter>
    </ClCompile>
    <ClCompile Include="BungeeForceGenerator.cpp">
      <Filter>Source Files\Forces</Filter>
    </ClCompile>
    <ClCompile Include="Cube.cpp">
      <Filter>Source Files\Shape</Filter>
    </ClCompile>
    <ClCompile Include="EarthGravityGenerator.cpp">
      <Filter>Source Files\Forces</Filter>
    </ClCompile>
    <ClCompile Include="GroundContactGenerator.cpp">
      <Filter>Source Files\Contacts</Filter>
    </ClCompile>
    <ClCompile Include="Particle.cpp">
      <Filter>Source Files\Particles</Filter>
    </ClCompile>
    <ClCompile Include="ParticleContact.cpp">
      <Filter>Source Files\Contacts</Filter>
    </ClCompile>
    <ClCompile Include="ParticleContactResolver.cpp">
      <Filter>Source Files\Contacts</Filter>
    </ClCompile>
    <ClCompile Include="ParticleForceRegistry.cpp">
      <Filter>Source Files\Forces</Filter>
    </ClCompile>
    <ClCompile Include="ParticleLink.cpp">
      <Filter>Source Files\Contacts</Filter>
    </ClCompile>
    <ClCompile Include="ParticleSystem.cpp">
      <Filter>Source Files\Particles</Filter>
    </ClCompile>
    <ClCompile Include="PlanetaryGravityGenerator.cpp">
      <Filter>Source Files\Forces</Filter>
    </ClCompile>
    <ClCompile Include="RectParticle.cpp">
      <Filter>Source Files\Particles</Filter>
    </ClCompile>
    <ClCompile Include="Shape.cpp">
      <Filter>Source Files\Shape</Filter>
    </ClCompile>
    <ClCompile Include="SolarSystemSim.cpp">
      <Filter>Source Files\Systems</Filter>
    </ClCompile>
    <ClCompile Include="SphereParticle.cpp">
      <Filter>Source Files\Particles</Filter>
    </ClCompile>
    <ClCompile Include="Quaternion.cpp">
      <Filter>Source Files</Filter>
    </ClCompile>
    <ClCompile Include="Matrix3.cpp">
      <Filter>Source Files</Filter>
    </ClCompile>
    <ClCompile Include="Matrix4.cpp">
      <Filter>Source Files</Filter>
    </ClCompile>
    <ClCompile Include="CollisionDetection_old.cpp">
      <Filter>Source Files\Collision</Filter>
    </ClCompile>
    <ClCompile Include="CollisionPrimitive.cpp">
      <Filter>Source Files\Collision</Filter>
    </ClCompile>
    <ClCompile Include="Contacts.cpp">
      <Filter>Source Files\Collision</Filter>
    </ClCompile>
  </ItemGroup>
  <ItemGroup>
    <ClInclude Include="Camera.h">
      <Filter>Header Files</Filter>
    </ClInclude>
    <ClInclude Include="Vector3.h">
      <Filter>Header Files</Filter>
    </ClInclude>
    <ClInclude Include="Color.h">
      <Filter>Header Files</Filter>
    </ClInclude>
    <ClInclude Include="Particle.h">
      <Filter>Header Files\Particles</Filter>
    </ClInclude>
    <ClInclude Include="ParticleContact.h">
      <Filter>Header Files\Particles</Filter>
    </ClInclude>
    <ClInclude Include="ParticleContactGenerator.h">
      <Filter>Header Files\Particles</Filter>
    </ClInclude>
    <ClInclude Include="ParticleContactResolver.h">
      <Filter>Header Files\Particles</Filter>
    </ClInclude>
    <ClInclude Include="ParticleForceGenerator.h">
      <Filter>Header Files\Particles</Filter>
    </ClInclude>
    <ClInclude Include="ParticleForceRegistry.h">
      <Filter>Header Files\Particles</Filter>
    </ClInclude>
    <ClInclude Include="ParticleSystem.h">
      <Filter>Header Files\Particles</Filter>
    </ClInclude>
    <ClInclude Include="RectParticle.h">
      <Filter>Header Files\Particles</Filter>
    </ClInclude>
    <ClInclude Include="SphereParticle.h">
      <Filter>Header Files\Particles</Filter>
    </ClInclude>
    <ClInclude Include="AnchoredSpringGenerator.h">
      <Filter>Header Files\Forces</Filter>
    </ClInclude>
    <ClInclude Include="BungeeForceGenerator.h">
      <Filter>Header Files\Forces</Filter>
    </ClInclude>
    <ClInclude Include="EarthGravityGenerator.h">
      <Filter>Header Files\Forces</Filter>
    </ClInclude>
    <ClInclude Include="GroundContactGenerator.h">
      <Filter>Header Files\Contacts</Filter>
    </ClInclude>
    <ClInclude Include="PlanetaryGravityGenerator.h">
      <Filter>Header Files\Forces</Filter>
    </ClInclude>
    <ClInclude Include="ParticleLink.h">
      <Filter>Header Files\Contacts</Filter>
    </ClInclude>
    <ClInclude Include="BlobGameSystem.h">
      <Filter>Header Files\Systems</Filter>
    </ClInclude>
    <ClInclude Include="SolarSystemSim.h">
      <Filter>Header Files\Systems</Filter>
    </ClInclude>
    <ClInclude Include="Shape.h">
      <Filter>Header Files\Shape</Filter>
    </ClInclude>
    <ClInclude Include="Cube.h">
      <Filter>Header Files\Shape</Filter>
    </ClInclude>
    <ClInclude Include="RigidBody.h">
      <Filter>Header Files\RigidBody</Filter>
    </ClInclude>
    <ClInclude Include="Quaternion.h">
      <Filter>Header Files</Filter>
    </ClInclude>
    <ClInclude Include="Matrix3.h">
      <Filter>Header Files</Filter>
    </ClInclude>
    <ClInclude Include="Matrix4.h">
      <Filter>Header Files</Filter>
    </ClInclude>
    <ClInclude Include="CollisionPrimitive.h">
      <Filter>Header Files\Collision</Filter>
    </ClInclude>
    <ClInclude Include="CollisionDetection_old.h">
      <Filter>Header Files\Collision</Filter>
    </ClInclude>
    <ClInclude Include="Contacts.h">
      <Filter>Header Files\Collision</Filter>
    </ClInclude>
  </ItemGroup>
</Project>